
Microsoft Visual Studio Solution File, Format Version 12.00
# Visual Studio Version 17
VisualStudioVersion = 17.7.34202.233
MinimumVisualStudioVersion = 10.0.40219.1
Project("{FAE04EC0-301F-11D3-BF4B-00C04F79EFBC}") = "JobApplication", "JobApplication\JobApplication.csproj", "{A861583B-BF78-442C-82BB-3709F330F9C9}"
EndProject
Global
	GlobalSection(SolutionConfigurationPlatforms) = preSolution
		Debug|Any CPU = Debug|Any CPU
		Release|Any CPU = Release|Any CPU
	EndGlobalSection
	GlobalSection(ProjectConfigurationPlatforms) = postSolution
		{A861583B-BF78-442C-82BB-3709F330F9C9}.Debug|Any CPU.ActiveCfg = Debug|Any CPU
		{A861583B-BF78-442C-82BB-3709F330F9C9}.Debug|Any CPU.Build.0 = Debug|Any CPU
		{A861583B-BF78-442C-82BB-3709F330F9C9}.Release|Any CPU.ActiveCfg = Release|Any CPU
		{A861583B-BF78-442C-82BB-3709F330F9C9}.Release|Any CPU.Build.0 = Release|Any CPU
	EndGlobalSection
	GlobalSection(SolutionProperties) = preSolution
		HideSolutionNode = FALSE
	EndGlobalSection
	GlobalSection(ExtensibilityGlobals) = postSolution
		SolutionGuid = {BD34F262-29C6-483F-99A1-7EC3DF6BBF28}
	EndGlobalSection
EndGlobal
